
Microsoft Visual Studio Solution File, Format Version 12.00
Project("{FAE04EC0-301F-11D3-BF4B-00C04F79EFBC}") = "RevolutionSnapshot.Core", "RevolutionSnapshot.Core\RevolutionSnapshot.Core.csproj", "{39078549-26B8-4ABF-AC6F-01C581F48580}"
EndProject
Project("{FAE04EC0-301F-11D3-BF4B-00C04F79EFBC}") = "RevolutionSnapshot.Tests", "RevolutionSnapshot.Tests\RevolutionSnapshot.Tests.csproj", "{31F01A3C-684A-40C1-8963-2ADC702D146B}"
EndProject
Global
	GlobalSection(SolutionConfigurationPlatforms) = preSolution
		Debug|Any CPU = Debug|Any CPU
		Release|Any CPU = Release|Any CPU
	EndGlobalSection
	GlobalSection(ProjectConfigurationPlatforms) = postSolution
		{39078549-26B8-4ABF-AC6F-01C581F48580}.Debug|Any CPU.ActiveCfg = Debug|Any CPU
		{39078549-26B8-4ABF-AC6F-01C581F48580}.Debug|Any CPU.Build.0 = Debug|Any CPU
		{39078549-26B8-4ABF-AC6F-01C581F48580}.Release|Any CPU.ActiveCfg = Release|Any CPU
		{39078549-26B8-4ABF-AC6F-01C581F48580}.Release|Any CPU.Build.0 = Release|Any CPU
		{31F01A3C-684A-40C1-8963-2ADC702D146B}.Debug|Any CPU.ActiveCfg = Debug|Any CPU
		{31F01A3C-684A-40C1-8963-2ADC702D146B}.Debug|Any CPU.Build.0 = Debug|Any CPU
		{31F01A3C-684A-40C1-8963-2ADC702D146B}.Release|Any CPU.ActiveCfg = Release|Any CPU
		{31F01A3C-684A-40C1-8963-2ADC702D146B}.Release|Any CPU.Build.0 = Release|Any CPU
	EndGlobalSection
EndGlobal
